
Microsoft Visual Studio Solution File, Format Version 12.00
# Visual Studio 2013
VisualStudioVersion = 12.0.31101.0
MinimumVisualStudioVersion = 10.0.40219.1
Project("{FAE04EC0-301F-11D3-BF4B-00C04F79EFBC}") = "Jajo.Web.Output.Spark", "Jajo.Web.Output.Spark\Jajo.Web.Output.Spark.csproj", "{398CB3D5-983E-48B7-8F72-07B2DC735909}"
EndProject
Project("{FAE04EC0-301F-11D3-BF4B-00C04F79EFBC}") = "Jajo.Web.StructureMap", "Jajo.Web.StructureMap\Jajo.Web.StructureMap.csproj", "{AE9FE8FD-159D-4D94-A104-521EAA55EF54}"
EndProject
Project("{FAE04EC0-301F-11D3-BF4B-00C04F79EFBC}") = "Jajo.Web.Routing.Superscribe", "Jajo.Web.Routing.Superscribe\Jajo.Web.Routing.Superscribe.csproj", "{B5DCE00F-7C1D-4C18-A552-9B5C8C94C202}"
EndProject
Project("{FAE04EC0-301F-11D3-BF4B-00C04F79EFBC}") = "Jajo.Web.Sample", "Jajo.Web.Sample\Jajo.Web.Sample.csproj", "{68AB3839-D86E-42C3-A565-FEB39106C981}"
EndProject
Project("{FAE04EC0-301F-11D3-BF4B-00C04F79EFBC}") = "Jajo.Web.ModelBinding", "Jajo.Web.ModelBinding\Jajo.Web.ModelBinding.csproj", "{B2244942-CFD4-4CD1-A43A-33D24041E17D}"
EndProject
Project("{FAE04EC0-301F-11D3-BF4B-00C04F79EFBC}") = "Jajo.Web.Output", "Jajo.Web.Output\Jajo.Web.Output.csproj", "{03129102-F787-4F77-81CD-E78682EDF293}"
EndProject
Project("{FAE04EC0-301F-11D3-BF4B-00C04F79EFBC}") = "Jajo.Web.Endpoints", "Jajo.Web.Endpoints\Jajo.Web.Endpoints.csproj", "{12F8F1F4-2249-4C0B-991D-60F629CB82F1}"
EndProject
Project("{FAE04EC0-301F-11D3-BF4B-00C04F79EFBC}") = "Jajo.Web.UnitOfWork", "Jajo.Web.UnitOfWork\Jajo.Web.UnitOfWork.csproj", "{692410ED-060A-4049-91BC-A08BE4C0B57B}"
EndProject
Project("{FAE04EC0-301F-11D3-BF4B-00C04F79EFBC}") = "Jajo.Web.ExceptionManagement", "Jajo.Web.ExceptionManagement\Jajo.Web.ExceptionManagement.csproj", "{CF7CA649-D8D8-41E1-8ADC-19B95D4EA94D}"
EndProject
Project("{FAE04EC0-301F-11D3-BF4B-00C04F79EFBC}") = "Jajo.Web.Assets", "Jajo.Web.Assets\Jajo.Web.Assets.csproj", "{B3ABA39D-DB7B-4F11-8287-3C264DFCE26D}"
EndProject
Project("{FAE04EC0-301F-11D3-BF4B-00C04F79EFBC}") = "Jajo.Web.Authorization", "Jajo.Web.Authorization\Jajo.Web.Authorization.csproj", "{F9035886-8B03-42BD-8F31-9BAEF4D949A3}"
EndProject
Project("{FAE04EC0-301F-11D3-BF4B-00C04F79EFBC}") = "Jajo.Web.Validation", "Jajo.Web.Validation\Jajo.Web.Validation.csproj", "{F466C803-E04E-493D-91D6-25001DC5A281}"
EndProject
Project("{FAE04EC0-301F-11D3-BF4B-00C04F79EFBC}") = "Jajo.Web.Sample.AspNet", "Jajo.Web.Sample.AspNet\Jajo.Web.Sample.AspNet.csproj", "{2007379C-521C-45AC-8CAB-325086CC6B54}"
EndProject
Project("{FAE04EC0-301F-11D3-BF4B-00C04F79EFBC}") = "Jajo.Web.Sample.SubApplication", "Jajo.Web.Sample.SubApplication\Jajo.Web.Sample.SubApplication.csproj", "{00D674CE-2CAE-4E4F-A537-8D18A8E0FE59}"
EndProject
Project("{FAE04EC0-301F-11D3-BF4B-00C04F79EFBC}") = "Jajo.Web.RequestBranching", "Jajo.Web.RequestBranching\Jajo.Web.RequestBranching.csproj", "{B6653538-428D-4467-B8DD-64A52D945648}"
EndProject
Project("{FAE04EC0-301F-11D3-BF4B-00C04F79EFBC}") = "Jajo.Web.Http", "Jajo.Web.Http\Jajo.Web.Http.csproj", "{A240378A-F813-47E3-8A69-5F3D8A7E9E85}"
EndProject
Project("{FAE04EC0-301F-11D3-BF4B-00C04F79EFBC}") = "Jajo.Web.Configuration", "Jajo.Web.Configuration\Jajo.Web.Configuration.csproj", "{489EC87D-682A-4FD3-886D-6746F449B46E}"
EndProject
Project("{FAE04EC0-301F-11D3-BF4B-00C04F79EFBC}") = "Jajo.Web.PartialRequests", "Jajo.Web.PartialRequests\Jajo.Web.PartialRequests.csproj", "{186551E5-9BEF-428A-AEF0-1FEC9C73A39A}"
EndProject
Project("{FAE04EC0-301F-11D3-BF4B-00C04F79EFBC}") = "Jajo.Web.Diagnostics", "Jajo.Web.Diagnostics\Jajo.Web.Diagnostics.csproj", "{EB3EBEA6-D5C3-4295-B2D4-5C0A868E7A9F}"
EndProject
Global
	GlobalSection(SolutionConfigurationPlatforms) = preSolution
		Debug|Any CPU = Debug|Any CPU
		Release|Any CPU = Release|Any CPU
	EndGlobalSection
	GlobalSection(ProjectConfigurationPlatforms) = postSolution
		{398CB3D5-983E-48B7-8F72-07B2DC735909}.Debug|Any CPU.ActiveCfg = Debug|Any CPU
		{398CB3D5-983E-48B7-8F72-07B2DC735909}.Debug|Any CPU.Build.0 = Debug|Any CPU
		{398CB3D5-983E-48B7-8F72-07B2DC735909}.Release|Any CPU.ActiveCfg = Release|Any CPU
		{398CB3D5-983E-48B7-8F72-07B2DC735909}.Release|Any CPU.Build.0 = Release|Any CPU
		{AE9FE8FD-159D-4D94-A104-521EAA55EF54}.Debug|Any CPU.ActiveCfg = Debug|Any CPU
		{AE9FE8FD-159D-4D94-A104-521EAA55EF54}.Debug|Any CPU.Build.0 = Debug|Any CPU
		{AE9FE8FD-159D-4D94-A104-521EAA55EF54}.Release|Any CPU.ActiveCfg = Release|Any CPU
		{AE9FE8FD-159D-4D94-A104-521EAA55EF54}.Release|Any CPU.Build.0 = Release|Any CPU
		{B5DCE00F-7C1D-4C18-A552-9B5C8C94C202}.Debug|Any CPU.ActiveCfg = Debug|Any CPU
		{B5DCE00F-7C1D-4C18-A552-9B5C8C94C202}.Debug|Any CPU.Build.0 = Debug|Any CPU
		{B5DCE00F-7C1D-4C18-A552-9B5C8C94C202}.Release|Any CPU.ActiveCfg = Release|Any CPU
		{B5DCE00F-7C1D-4C18-A552-9B5C8C94C202}.Release|Any CPU.Build.0 = Release|Any CPU
		{68AB3839-D86E-42C3-A565-FEB39106C981}.Debug|Any CPU.ActiveCfg = Debug|Any CPU
		{68AB3839-D86E-42C3-A565-FEB39106C981}.Debug|Any CPU.Build.0 = Debug|Any CPU
		{68AB3839-D86E-42C3-A565-FEB39106C981}.Release|Any CPU.ActiveCfg = Release|Any CPU
		{68AB3839-D86E-42C3-A565-FEB39106C981}.Release|Any CPU.Build.0 = Release|Any CPU
		{B2244942-CFD4-4CD1-A43A-33D24041E17D}.Debug|Any CPU.ActiveCfg = Debug|Any CPU
		{B2244942-CFD4-4CD1-A43A-33D24041E17D}.Debug|Any CPU.Build.0 = Debug|Any CPU
		{B2244942-CFD4-4CD1-A43A-33D24041E17D}.Release|Any CPU.ActiveCfg = Release|Any CPU
		{B2244942-CFD4-4CD1-A43A-33D24041E17D}.Release|Any CPU.Build.0 = Release|Any CPU
		{03129102-F787-4F77-81CD-E78682EDF293}.Debug|Any CPU.ActiveCfg = Debug|Any CPU
		{03129102-F787-4F77-81CD-E78682EDF293}.Debug|Any CPU.Build.0 = Debug|Any CPU
		{03129102-F787-4F77-81CD-E78682EDF293}.Release|Any CPU.ActiveCfg = Release|Any CPU
		{03129102-F787-4F77-81CD-E78682EDF293}.Release|Any CPU.Build.0 = Release|Any CPU
		{12F8F1F4-2249-4C0B-991D-60F629CB82F1}.Debug|Any CPU.ActiveCfg = Debug|Any CPU
		{12F8F1F4-2249-4C0B-991D-60F629CB82F1}.Debug|Any CPU.Build.0 = Debug|Any CPU
		{12F8F1F4-2249-4C0B-991D-60F629CB82F1}.Release|Any CPU.ActiveCfg = Release|Any CPU
		{12F8F1F4-2249-4C0B-991D-60F629CB82F1}.Release|Any CPU.Build.0 = Release|Any CPU
		{692410ED-060A-4049-91BC-A08BE4C0B57B}.Debug|Any CPU.ActiveCfg = Debug|Any CPU
		{692410ED-060A-4049-91BC-A08BE4C0B57B}.Debug|Any CPU.Build.0 = Debug|Any CPU
		{692410ED-060A-4049-91BC-A08BE4C0B57B}.Release|Any CPU.ActiveCfg = Release|Any CPU
		{692410ED-060A-4049-91BC-A08BE4C0B57B}.Release|Any CPU.Build.0 = Release|Any CPU
		{CF7CA649-D8D8-41E1-8ADC-19B95D4EA94D}.Debug|Any CPU.ActiveCfg = Debug|Any CPU
		{CF7CA649-D8D8-41E1-8ADC-19B95D4EA94D}.Debug|Any CPU.Build.0 = Debug|Any CPU
		{CF7CA649-D8D8-41E1-8ADC-19B95D4EA94D}.Release|Any CPU.ActiveCfg = Release|Any CPU
		{CF7CA649-D8D8-41E1-8ADC-19B95D4EA94D}.Release|Any CPU.Build.0 = Release|Any CPU
		{B3ABA39D-DB7B-4F11-8287-3C264DFCE26D}.Debug|Any CPU.ActiveCfg = Debug|Any CPU
		{B3ABA39D-DB7B-4F11-8287-3C264DFCE26D}.Debug|Any CPU.Build.0 = Debug|Any CPU
		{B3ABA39D-DB7B-4F11-8287-3C264DFCE26D}.Release|Any CPU.ActiveCfg = Release|Any CPU
		{B3ABA39D-DB7B-4F11-8287-3C264DFCE26D}.Release|Any CPU.Build.0 = Release|Any CPU
		{F9035886-8B03-42BD-8F31-9BAEF4D949A3}.Debug|Any CPU.ActiveCfg = Debug|Any CPU
		{F9035886-8B03-42BD-8F31-9BAEF4D949A3}.Debug|Any CPU.Build.0 = Debug|Any CPU
		{F9035886-8B03-42BD-8F31-9BAEF4D949A3}.Release|Any CPU.ActiveCfg = Release|Any CPU
		{F9035886-8B03-42BD-8F31-9BAEF4D949A3}.Release|Any CPU.Build.0 = Release|Any CPU
		{F466C803-E04E-493D-91D6-25001DC5A281}.Debug|Any CPU.ActiveCfg = Debug|Any CPU
		{F466C803-E04E-493D-91D6-25001DC5A281}.Debug|Any CPU.Build.0 = Debug|Any CPU
		{F466C803-E04E-493D-91D6-25001DC5A281}.Release|Any CPU.ActiveCfg = Release|Any CPU
		{F466C803-E04E-493D-91D6-25001DC5A281}.Release|Any CPU.Build.0 = Release|Any CPU
		{2007379C-521C-45AC-8CAB-325086CC6B54}.Debug|Any CPU.ActiveCfg = Debug|Any CPU
		{2007379C-521C-45AC-8CAB-325086CC6B54}.Debug|Any CPU.Build.0 = Debug|Any CPU
		{2007379C-521C-45AC-8CAB-325086CC6B54}.Release|Any CPU.ActiveCfg = Release|Any CPU
		{2007379C-521C-45AC-8CAB-325086CC6B54}.Release|Any CPU.Build.0 = Release|Any CPU
		{00D674CE-2CAE-4E4F-A537-8D18A8E0FE59}.Debug|Any CPU.ActiveCfg = Debug|Any CPU
		{00D674CE-2CAE-4E4F-A537-8D18A8E0FE59}.Debug|Any CPU.Build.0 = Debug|Any CPU
		{00D674CE-2CAE-4E4F-A537-8D18A8E0FE59}.Release|Any CPU.ActiveCfg = Release|Any CPU
		{00D674CE-2CAE-4E4F-A537-8D18A8E0FE59}.Release|Any CPU.Build.0 = Release|Any CPU
		{B6653538-428D-4467-B8DD-64A52D945648}.Debug|Any CPU.ActiveCfg = Debug|Any CPU
		{B6653538-428D-4467-B8DD-64A52D945648}.Debug|Any CPU.Build.0 = Debug|Any CPU
		{B6653538-428D-4467-B8DD-64A52D945648}.Release|Any CPU.ActiveCfg = Release|Any CPU
		{B6653538-428D-4467-B8DD-64A52D945648}.Release|Any CPU.Build.0 = Release|Any CPU
		{A240378A-F813-47E3-8A69-5F3D8A7E9E85}.Debug|Any CPU.ActiveCfg = Debug|Any CPU
		{A240378A-F813-47E3-8A69-5F3D8A7E9E85}.Debug|Any CPU.Build.0 = Debug|Any CPU
		{A240378A-F813-47E3-8A69-5F3D8A7E9E85}.Release|Any CPU.ActiveCfg = Release|Any CPU
		{A240378A-F813-47E3-8A69-5F3D8A7E9E85}.Release|Any CPU.Build.0 = Release|Any CPU
		{489EC87D-682A-4FD3-886D-6746F449B46E}.Debug|Any CPU.ActiveCfg = Debug|Any CPU
		{489EC87D-682A-4FD3-886D-6746F449B46E}.Debug|Any CPU.Build.0 = Debug|Any CPU
		{489EC87D-682A-4FD3-886D-6746F449B46E}.Release|Any CPU.ActiveCfg = Release|Any CPU
		{489EC87D-682A-4FD3-886D-6746F449B46E}.Release|Any CPU.Build.0 = Release|Any CPU
		{186551E5-9BEF-428A-AEF0-1FEC9C73A39A}.Debug|Any CPU.ActiveCfg = Debug|Any CPU
		{186551E5-9BEF-428A-AEF0-1FEC9C73A39A}.Debug|Any CPU.Build.0 = Debug|Any CPU
		{186551E5-9BEF-428A-AEF0-1FEC9C73A39A}.Release|Any CPU.ActiveCfg = Release|Any CPU
		{186551E5-9BEF-428A-AEF0-1FEC9C73A39A}.Release|Any CPU.Build.0 = Release|Any CPU
		{EB3EBEA6-D5C3-4295-B2D4-5C0A868E7A9F}.Debug|Any CPU.ActiveCfg = Debug|Any CPU
		{EB3EBEA6-D5C3-4295-B2D4-5C0A868E7A9F}.Debug|Any CPU.Build.0 = Debug|Any CPU
		{EB3EBEA6-D5C3-4295-B2D4-5C0A868E7A9F}.Release|Any CPU.ActiveCfg = Release|Any CPU
		{EB3EBEA6-D5C3-4295-B2D4-5C0A868E7A9F}.Release|Any CPU.Build.0 = Release|Any CPU
	EndGlobalSection
	GlobalSection(SolutionProperties) = preSolution
		HideSolutionNode = FALSE
	EndGlobalSection
EndGlobal
