
Microsoft Visual Studio Solution File, Format Version 12.00
# Visual Studio 2013
VisualStudioVersion = 12.0.31101.0
MinimumVisualStudioVersion = 10.0.40219.1
Project("{FAE04EC0-301F-11D3-BF4B-00C04F79EFBC}") = "OpenWeb", "OpenWeb\OpenWeb.csproj", "{C3FB721F-4463-4BAB-9D9F-41578CCD7EB2}"
EndProject
Project("{FAE04EC0-301F-11D3-BF4B-00C04F79EFBC}") = "OpenWeb.Output.Spark", "OpenWeb.Output.Spark\OpenWeb.Output.Spark.csproj", "{398CB3D5-983E-48B7-8F72-07B2DC735909}"
EndProject
Project("{FAE04EC0-301F-11D3-BF4B-00C04F79EFBC}") = "OpenWeb.StructureMap", "OpenWeb.StructureMap\OpenWeb.StructureMap.csproj", "{AE9FE8FD-159D-4D94-A104-521EAA55EF54}"
EndProject
Project("{FAE04EC0-301F-11D3-BF4B-00C04F79EFBC}") = "OpenWeb.Routing.Superscribe", "OpenWeb.Routing.Superscribe\OpenWeb.Routing.Superscribe.csproj", "{B5DCE00F-7C1D-4C18-A552-9B5C8C94C202}"
EndProject
Project("{FAE04EC0-301F-11D3-BF4B-00C04F79EFBC}") = "OpenWeb.Sample", "OpenWeb.Sample\OpenWeb.Sample.csproj", "{68AB3839-D86E-42C3-A565-FEB39106C981}"
EndProject
Project("{FAE04EC0-301F-11D3-BF4B-00C04F79EFBC}") = "OpenWeb.ModelBinding", "OpenWeb.ModelBinding\OpenWeb.ModelBinding.csproj", "{B2244942-CFD4-4CD1-A43A-33D24041E17D}"
EndProject
Project("{FAE04EC0-301F-11D3-BF4B-00C04F79EFBC}") = "OpenWeb.Output", "OpenWeb.Output\OpenWeb.Output.csproj", "{03129102-F787-4F77-81CD-E78682EDF293}"
EndProject
Project("{FAE04EC0-301F-11D3-BF4B-00C04F79EFBC}") = "OpenWeb.Endpoints", "OpenWeb.Endpoints\OpenWeb.Endpoints.csproj", "{12F8F1F4-2249-4C0B-991D-60F629CB82F1}"
EndProject
Project("{FAE04EC0-301F-11D3-BF4B-00C04F79EFBC}") = "OpenWeb.UnitOfWork", "OpenWeb.UnitOfWork\OpenWeb.UnitOfWork.csproj", "{692410ED-060A-4049-91BC-A08BE4C0B57B}"
EndProject
Project("{FAE04EC0-301F-11D3-BF4B-00C04F79EFBC}") = "OpenWeb.ExceptionManagement", "OpenWeb.ExceptionManagement\OpenWeb.ExceptionManagement.csproj", "{CF7CA649-D8D8-41E1-8ADC-19B95D4EA94D}"
EndProject
Project("{FAE04EC0-301F-11D3-BF4B-00C04F79EFBC}") = "OpenWeb.Assets", "OpenWeb.Assets\OpenWeb.Assets.csproj", "{B3ABA39D-DB7B-4F11-8287-3C264DFCE26D}"
EndProject
Project("{FAE04EC0-301F-11D3-BF4B-00C04F79EFBC}") = "OpenWeb.Owin", "OpenWeb.Owin\OpenWeb.Owin.csproj", "{45124BD2-0CB3-4BE6-89D0-C86CD10A891B}"
EndProject
Project("{FAE04EC0-301F-11D3-BF4B-00C04F79EFBC}") = "OpenWeb.Authorization", "OpenWeb.Authorization\OpenWeb.Authorization.csproj", "{F9035886-8B03-42BD-8F31-9BAEF4D949A3}"
EndProject
Project("{FAE04EC0-301F-11D3-BF4B-00C04F79EFBC}") = "OpenWeb.Validation", "OpenWeb.Validation\OpenWeb.Validation.csproj", "{F466C803-E04E-493D-91D6-25001DC5A281}"
EndProject
Project("{FAE04EC0-301F-11D3-BF4B-00C04F79EFBC}") = "OpenWeb.Sample.AspNet", "OpenWeb.Sample.AspNet\OpenWeb.Sample.AspNet.csproj", "{2007379C-521C-45AC-8CAB-325086CC6B54}"
EndProject
Project("{FAE04EC0-301F-11D3-BF4B-00C04F79EFBC}") = "OpenWeb.SubApplications", "OpenWeb.SubApplications\OpenWeb.SubApplications.csproj", "{25DDF7D7-2119-40E1-BC39-BBB1067F5C9A}"
EndProject
Project("{FAE04EC0-301F-11D3-BF4B-00C04F79EFBC}") = "OpenWeb.Sample.SubApplication", "OpenWeb.Sample.SubApplication\OpenWeb.Sample.SubApplication.csproj", "{00D674CE-2CAE-4E4F-A537-8D18A8E0FE59}"
EndProject
Global
	GlobalSection(SolutionConfigurationPlatforms) = preSolution
		Debug|Any CPU = Debug|Any CPU
		Release|Any CPU = Release|Any CPU
	EndGlobalSection
	GlobalSection(ProjectConfigurationPlatforms) = postSolution
		{C3FB721F-4463-4BAB-9D9F-41578CCD7EB2}.Debug|Any CPU.ActiveCfg = Debug|Any CPU
		{C3FB721F-4463-4BAB-9D9F-41578CCD7EB2}.Debug|Any CPU.Build.0 = Debug|Any CPU
		{C3FB721F-4463-4BAB-9D9F-41578CCD7EB2}.Release|Any CPU.ActiveCfg = Release|Any CPU
		{C3FB721F-4463-4BAB-9D9F-41578CCD7EB2}.Release|Any CPU.Build.0 = Release|Any CPU
		{398CB3D5-983E-48B7-8F72-07B2DC735909}.Debug|Any CPU.ActiveCfg = Debug|Any CPU
		{398CB3D5-983E-48B7-8F72-07B2DC735909}.Debug|Any CPU.Build.0 = Debug|Any CPU
		{398CB3D5-983E-48B7-8F72-07B2DC735909}.Release|Any CPU.ActiveCfg = Release|Any CPU
		{398CB3D5-983E-48B7-8F72-07B2DC735909}.Release|Any CPU.Build.0 = Release|Any CPU
		{AE9FE8FD-159D-4D94-A104-521EAA55EF54}.Debug|Any CPU.ActiveCfg = Debug|Any CPU
		{AE9FE8FD-159D-4D94-A104-521EAA55EF54}.Debug|Any CPU.Build.0 = Debug|Any CPU
		{AE9FE8FD-159D-4D94-A104-521EAA55EF54}.Release|Any CPU.ActiveCfg = Release|Any CPU
		{AE9FE8FD-159D-4D94-A104-521EAA55EF54}.Release|Any CPU.Build.0 = Release|Any CPU
		{B5DCE00F-7C1D-4C18-A552-9B5C8C94C202}.Debug|Any CPU.ActiveCfg = Debug|Any CPU
		{B5DCE00F-7C1D-4C18-A552-9B5C8C94C202}.Debug|Any CPU.Build.0 = Debug|Any CPU
		{B5DCE00F-7C1D-4C18-A552-9B5C8C94C202}.Release|Any CPU.ActiveCfg = Release|Any CPU
		{B5DCE00F-7C1D-4C18-A552-9B5C8C94C202}.Release|Any CPU.Build.0 = Release|Any CPU
		{68AB3839-D86E-42C3-A565-FEB39106C981}.Debug|Any CPU.ActiveCfg = Debug|Any CPU
		{68AB3839-D86E-42C3-A565-FEB39106C981}.Debug|Any CPU.Build.0 = Debug|Any CPU
		{68AB3839-D86E-42C3-A565-FEB39106C981}.Release|Any CPU.ActiveCfg = Release|Any CPU
		{68AB3839-D86E-42C3-A565-FEB39106C981}.Release|Any CPU.Build.0 = Release|Any CPU
		{B2244942-CFD4-4CD1-A43A-33D24041E17D}.Debug|Any CPU.ActiveCfg = Debug|Any CPU
		{B2244942-CFD4-4CD1-A43A-33D24041E17D}.Debug|Any CPU.Build.0 = Debug|Any CPU
		{B2244942-CFD4-4CD1-A43A-33D24041E17D}.Release|Any CPU.ActiveCfg = Release|Any CPU
		{B2244942-CFD4-4CD1-A43A-33D24041E17D}.Release|Any CPU.Build.0 = Release|Any CPU
		{03129102-F787-4F77-81CD-E78682EDF293}.Debug|Any CPU.ActiveCfg = Debug|Any CPU
		{03129102-F787-4F77-81CD-E78682EDF293}.Debug|Any CPU.Build.0 = Debug|Any CPU
		{03129102-F787-4F77-81CD-E78682EDF293}.Release|Any CPU.ActiveCfg = Release|Any CPU
		{03129102-F787-4F77-81CD-E78682EDF293}.Release|Any CPU.Build.0 = Release|Any CPU
		{12F8F1F4-2249-4C0B-991D-60F629CB82F1}.Debug|Any CPU.ActiveCfg = Debug|Any CPU
		{12F8F1F4-2249-4C0B-991D-60F629CB82F1}.Debug|Any CPU.Build.0 = Debug|Any CPU
		{12F8F1F4-2249-4C0B-991D-60F629CB82F1}.Release|Any CPU.ActiveCfg = Release|Any CPU
		{12F8F1F4-2249-4C0B-991D-60F629CB82F1}.Release|Any CPU.Build.0 = Release|Any CPU
		{692410ED-060A-4049-91BC-A08BE4C0B57B}.Debug|Any CPU.ActiveCfg = Debug|Any CPU
		{692410ED-060A-4049-91BC-A08BE4C0B57B}.Debug|Any CPU.Build.0 = Debug|Any CPU
		{692410ED-060A-4049-91BC-A08BE4C0B57B}.Release|Any CPU.ActiveCfg = Release|Any CPU
		{692410ED-060A-4049-91BC-A08BE4C0B57B}.Release|Any CPU.Build.0 = Release|Any CPU
		{CF7CA649-D8D8-41E1-8ADC-19B95D4EA94D}.Debug|Any CPU.ActiveCfg = Debug|Any CPU
		{CF7CA649-D8D8-41E1-8ADC-19B95D4EA94D}.Debug|Any CPU.Build.0 = Debug|Any CPU
		{CF7CA649-D8D8-41E1-8ADC-19B95D4EA94D}.Release|Any CPU.ActiveCfg = Release|Any CPU
		{CF7CA649-D8D8-41E1-8ADC-19B95D4EA94D}.Release|Any CPU.Build.0 = Release|Any CPU
		{B3ABA39D-DB7B-4F11-8287-3C264DFCE26D}.Debug|Any CPU.ActiveCfg = Debug|Any CPU
		{B3ABA39D-DB7B-4F11-8287-3C264DFCE26D}.Debug|Any CPU.Build.0 = Debug|Any CPU
		{B3ABA39D-DB7B-4F11-8287-3C264DFCE26D}.Release|Any CPU.ActiveCfg = Release|Any CPU
		{B3ABA39D-DB7B-4F11-8287-3C264DFCE26D}.Release|Any CPU.Build.0 = Release|Any CPU
		{45124BD2-0CB3-4BE6-89D0-C86CD10A891B}.Debug|Any CPU.ActiveCfg = Debug|Any CPU
		{45124BD2-0CB3-4BE6-89D0-C86CD10A891B}.Debug|Any CPU.Build.0 = Debug|Any CPU
		{45124BD2-0CB3-4BE6-89D0-C86CD10A891B}.Release|Any CPU.ActiveCfg = Release|Any CPU
		{45124BD2-0CB3-4BE6-89D0-C86CD10A891B}.Release|Any CPU.Build.0 = Release|Any CPU
		{F9035886-8B03-42BD-8F31-9BAEF4D949A3}.Debug|Any CPU.ActiveCfg = Debug|Any CPU
		{F9035886-8B03-42BD-8F31-9BAEF4D949A3}.Debug|Any CPU.Build.0 = Debug|Any CPU
		{F9035886-8B03-42BD-8F31-9BAEF4D949A3}.Release|Any CPU.ActiveCfg = Release|Any CPU
		{F9035886-8B03-42BD-8F31-9BAEF4D949A3}.Release|Any CPU.Build.0 = Release|Any CPU
		{F466C803-E04E-493D-91D6-25001DC5A281}.Debug|Any CPU.ActiveCfg = Debug|Any CPU
		{F466C803-E04E-493D-91D6-25001DC5A281}.Debug|Any CPU.Build.0 = Debug|Any CPU
		{F466C803-E04E-493D-91D6-25001DC5A281}.Release|Any CPU.ActiveCfg = Release|Any CPU
		{F466C803-E04E-493D-91D6-25001DC5A281}.Release|Any CPU.Build.0 = Release|Any CPU
		{2007379C-521C-45AC-8CAB-325086CC6B54}.Debug|Any CPU.ActiveCfg = Debug|Any CPU
		{2007379C-521C-45AC-8CAB-325086CC6B54}.Debug|Any CPU.Build.0 = Debug|Any CPU
		{2007379C-521C-45AC-8CAB-325086CC6B54}.Release|Any CPU.ActiveCfg = Release|Any CPU
		{2007379C-521C-45AC-8CAB-325086CC6B54}.Release|Any CPU.Build.0 = Release|Any CPU
		{25DDF7D7-2119-40E1-BC39-BBB1067F5C9A}.Debug|Any CPU.ActiveCfg = Debug|Any CPU
		{25DDF7D7-2119-40E1-BC39-BBB1067F5C9A}.Debug|Any CPU.Build.0 = Debug|Any CPU
		{25DDF7D7-2119-40E1-BC39-BBB1067F5C9A}.Release|Any CPU.ActiveCfg = Release|Any CPU
		{25DDF7D7-2119-40E1-BC39-BBB1067F5C9A}.Release|Any CPU.Build.0 = Release|Any CPU
		{00D674CE-2CAE-4E4F-A537-8D18A8E0FE59}.Debug|Any CPU.ActiveCfg = Debug|Any CPU
		{00D674CE-2CAE-4E4F-A537-8D18A8E0FE59}.Debug|Any CPU.Build.0 = Debug|Any CPU
		{00D674CE-2CAE-4E4F-A537-8D18A8E0FE59}.Release|Any CPU.ActiveCfg = Release|Any CPU
		{00D674CE-2CAE-4E4F-A537-8D18A8E0FE59}.Release|Any CPU.Build.0 = Release|Any CPU
	EndGlobalSection
	GlobalSection(SolutionProperties) = preSolution
		HideSolutionNode = FALSE
	EndGlobalSection
EndGlobal
