
Microsoft Visual Studio Solution File, Format Version 12.00
# Visual Studio 2013
VisualStudioVersion = 12.0.31101.0
MinimumVisualStudioVersion = 10.0.40219.1
Project("{FAE04EC0-301F-11D3-BF4B-00C04F79EFBC}") = "SuperGlue.Web.Output.Spark", "SuperGlue.Web.Output.Spark\SuperGlue.Web.Output.Spark.csproj", "{398CB3D5-983E-48B7-8F72-07B2DC735909}"
EndProject
Project("{FAE04EC0-301F-11D3-BF4B-00C04F79EFBC}") = "SuperGlue.StructureMap", "SuperGlue.StructureMap\SuperGlue.StructureMap.csproj", "{AE9FE8FD-159D-4D94-A104-521EAA55EF54}"
EndProject
Project("{FAE04EC0-301F-11D3-BF4B-00C04F79EFBC}") = "SuperGlue.Web.Routing.Superscribe", "SuperGlue.Web.Routing.Superscribe\SuperGlue.Web.Routing.Superscribe.csproj", "{B5DCE00F-7C1D-4C18-A552-9B5C8C94C202}"
EndProject
Project("{FAE04EC0-301F-11D3-BF4B-00C04F79EFBC}") = "SuperGlue.Web.Sample", "SuperGlue.Web.Sample\SuperGlue.Web.Sample.csproj", "{68AB3839-D86E-42C3-A565-FEB39106C981}"
EndProject
Project("{FAE04EC0-301F-11D3-BF4B-00C04F79EFBC}") = "SuperGlue.Web.ModelBinding", "SuperGlue.Web.ModelBinding\SuperGlue.Web.ModelBinding.csproj", "{B2244942-CFD4-4CD1-A43A-33D24041E17D}"
EndProject
Project("{FAE04EC0-301F-11D3-BF4B-00C04F79EFBC}") = "SuperGlue.Web.Output", "SuperGlue.Web.Output\SuperGlue.Web.Output.csproj", "{03129102-F787-4F77-81CD-E78682EDF293}"
EndProject
Project("{FAE04EC0-301F-11D3-BF4B-00C04F79EFBC}") = "SuperGlue.Web.Endpoints", "SuperGlue.Web.Endpoints\SuperGlue.Web.Endpoints.csproj", "{12F8F1F4-2249-4C0B-991D-60F629CB82F1}"
EndProject
Project("{FAE04EC0-301F-11D3-BF4B-00C04F79EFBC}") = "SuperGlue.UnitOfWork", "SuperGlue.UnitOfWork\SuperGlue.UnitOfWork.csproj", "{692410ED-060A-4049-91BC-A08BE4C0B57B}"
EndProject
Project("{FAE04EC0-301F-11D3-BF4B-00C04F79EFBC}") = "SuperGlue.ExceptionManagement", "SuperGlue.ExceptionManagement\SuperGlue.ExceptionManagement.csproj", "{CF7CA649-D8D8-41E1-8ADC-19B95D4EA94D}"
EndProject
Project("{FAE04EC0-301F-11D3-BF4B-00C04F79EFBC}") = "SuperGlue.Web.Validation", "SuperGlue.Web.Validation\SuperGlue.Web.Validation.csproj", "{F466C803-E04E-493D-91D6-25001DC5A281}"
EndProject
Project("{FAE04EC0-301F-11D3-BF4B-00C04F79EFBC}") = "SuperGlue.Web.Sample.AspNet", "SuperGlue.Web.Sample.AspNet\SuperGlue.Web.Sample.AspNet.csproj", "{2007379C-521C-45AC-8CAB-325086CC6B54}"
EndProject
Project("{FAE04EC0-301F-11D3-BF4B-00C04F79EFBC}") = "SuperGlue.Web.Sample.SubApplication", "SuperGlue.Web.Sample.SubApplication\SuperGlue.Web.Sample.SubApplication.csproj", "{00D674CE-2CAE-4E4F-A537-8D18A8E0FE59}"
EndProject
Project("{FAE04EC0-301F-11D3-BF4B-00C04F79EFBC}") = "SuperGlue.RequestBranching", "SuperGlue.RequestBranching\SuperGlue.RequestBranching.csproj", "{B6653538-428D-4467-B8DD-64A52D945648}"
EndProject
Project("{FAE04EC0-301F-11D3-BF4B-00C04F79EFBC}") = "SuperGlue.Web.Http", "SuperGlue.Web.Http\SuperGlue.Web.Http.csproj", "{A240378A-F813-47E3-8A69-5F3D8A7E9E85}"
EndProject
Project("{FAE04EC0-301F-11D3-BF4B-00C04F79EFBC}") = "SuperGlue.Web.PartialRequests", "SuperGlue.Web.PartialRequests\SuperGlue.Web.PartialRequests.csproj", "{186551E5-9BEF-428A-AEF0-1FEC9C73A39A}"
EndProject
Project("{FAE04EC0-301F-11D3-BF4B-00C04F79EFBC}") = "SuperGlue.Web.Diagnostics", "SuperGlue.Web.Diagnostics\SuperGlue.Web.Diagnostics.csproj", "{EB3EBEA6-D5C3-4295-B2D4-5C0A868E7A9F}"
EndProject
Project("{FAE04EC0-301F-11D3-BF4B-00C04F79EFBC}") = "SuperGlue.Security", "SuperGlue.Security\SuperGlue.Security.csproj", "{A9E022F8-1AA3-4AFC-8EC2-1D4A8D2E9F7A}"
EndProject
Project("{FAE04EC0-301F-11D3-BF4B-00C04F79EFBC}") = "SuperGlue.EventStore", "SuperGlue.EventStore\SuperGlue.EventStore.csproj", "{023F8229-9F0F-47F3-9B25-ECD4DBC52090}"
EndProject
Project("{FAE04EC0-301F-11D3-BF4B-00C04F79EFBC}") = "SuperGlue.EventStore.Timeouts.RavenDb", "SuperGlue.EventStore.Timeouts.RavenDb\SuperGlue.EventStore.Timeouts.RavenDb.csproj", "{4A84F4AE-E73D-4D72-8B67-F0C7D546DE9E}"
EndProject
Project("{FAE04EC0-301F-11D3-BF4B-00C04F79EFBC}") = "SuperGlue.RavenDb", "SuperGlue.RavenDb\SuperGlue.RavenDb.csproj", "{D1EE2D50-4338-4024-BC5D-9FCF24C2AA90}"
EndProject
Project("{2150E333-8FDC-42A3-9474-1A3956D46DE8}") = "Shared", "Shared", "{4E85E12B-19A3-44D0-BE93-733C95AA7012}"
	ProjectSection(SolutionItems) = preProject
		Shared\BindExtensions.cs = Shared\BindExtensions.cs
		Shared\Cache.cs = Shared\Cache.cs
		Shared\EnvironmentExtensions.cs = Shared\EnvironmentExtensions.cs
		Shared\ExceptionExtensions.cs = Shared\ExceptionExtensions.cs
		Shared\OutputExtensions.cs = Shared\OutputExtensions.cs
		Shared\ResolveExtensions.cs = Shared\ResolveExtensions.cs
		Shared\RouteExtensions.cs = Shared\RouteExtensions.cs
		Shared\WebEnvironmentExtensions.cs = Shared\WebEnvironmentExtensions.cs
	EndProjectSection
EndProject
Project("{FAE04EC0-301F-11D3-BF4B-00C04F79EFBC}") = "SuperGlue.Configuration", "SuperGlue.Configuration\SuperGlue.Configuration.csproj", "{489EC87D-682A-4FD3-886D-6746F449B46E}"
EndProject
Project("{FAE04EC0-301F-11D3-BF4B-00C04F79EFBC}") = "SuperGlue.Hosting.Katana", "SuperGlue.Hosting.Katana\SuperGlue.Hosting.Katana.csproj", "{D8A867D8-46EC-4334-936B-F09B8E930511}"
EndProject
Project("{FAE04EC0-301F-11D3-BF4B-00C04F79EFBC}") = "SuperGlue.Hosting.Topshelf", "SuperGlue.Hosting.Topshelf\SuperGlue.Hosting.Topshelf.csproj", "{FBF69D60-F8A1-40BE-90FF-FE82D33AEC7A}"
EndProject
Project("{FAE04EC0-301F-11D3-BF4B-00C04F79EFBC}") = "SuperGlue.Hosting.SystemWeb", "SuperGlue.Hosting.SystemWeb\SuperGlue.Hosting.SystemWeb.csproj", "{1DF1CFDF-4E47-46BD-8B71-9438831002DF}"
EndProject
Project("{2150E333-8FDC-42A3-9474-1A3956D46DE8}") = "Web", "Web", "{3A802CD0-D29F-4C2F-9525-F8A9E3175C4B}"
EndProject
Project("{2150E333-8FDC-42A3-9474-1A3956D46DE8}") = "Samples", "Samples", "{55D175F1-5292-4565-B081-FDC627C189E6}"
EndProject
Project("{2150E333-8FDC-42A3-9474-1A3956D46DE8}") = "Hosting", "Hosting", "{AA4EDE08-2CF6-4C63-ADBD-C075282D60D3}"
EndProject
Project("{FAE04EC0-301F-11D3-BF4B-00C04F79EFBC}") = "SuperGlue.CommandLine", "SuperGlue.CommandLine\SuperGlue.CommandLine.csproj", "{271A8D2C-4681-4589-9C0E-3E65CDB652A1}"
EndProject
Project("{2150E333-8FDC-42A3-9474-1A3956D46DE8}") = "Build", "Build", "{03EF3C4D-ED49-4DD9-8B7E-CBABF8EFF080}"
	ProjectSection(SolutionItems) = preProject
		..\.gitignore = ..\.gitignore
		..\.semver = ..\.semver
		..\Gemfile = ..\Gemfile
		..\Gemfile.lock = ..\Gemfile.lock
		..\paket.dependencies = ..\paket.dependencies
		..\paket.lock = ..\paket.lock
		..\Rakefile = ..\Rakefile
	EndProjectSection
EndProject
Project("{FAE04EC0-301F-11D3-BF4B-00C04F79EFBC}") = "SuperGlue.Diagnostics", "SuperGlue.Diagnostics\SuperGlue.Diagnostics.csproj", "{4BD82DF3-3B6B-4E1E-B5AD-1340D20CEA11}"
EndProject
Project("{FAE04EC0-301F-11D3-BF4B-00C04F79EFBC}") = "SuperGlue.CommandSender", "SuperGlue.CommandSender\SuperGlue.CommandSender.csproj", "{F74CE87F-01DC-40E9-BBED-2FF91FF4ED91}"
EndProject
Project("{FAE04EC0-301F-11D3-BF4B-00C04F79EFBC}") = "SuperGlue.Web.Output.Html", "SuperGlue.Web.Output.Html\SuperGlue.Web.Output.Html.csproj", "{B6B5736B-F0C1-428E-B215-65533B16D2CA}"
EndProject
Project("{FAE04EC0-301F-11D3-BF4B-00C04F79EFBC}") = "SuperGlue.Web.Routing", "SuperGlue.Web.Routing\SuperGlue.Web.Routing.csproj", "{03FE4F2A-FB85-4E97-A826-6C7AC0DA4378}"
EndProject
Project("{FAE04EC0-301F-11D3-BF4B-00C04F79EFBC}") = "SuperGlue.Caching", "SuperGlue.Caching\SuperGlue.Caching.csproj", "{A6EE6294-1E05-4781-9CBF-9FAB1B5FD4DA}"
EndProject
Project("{FAE04EC0-301F-11D3-BF4B-00C04F79EFBC}") = "SuperGlue.Caching.Redis", "SuperGlue.Caching.Redis\SuperGlue.Caching.Redis.csproj", "{B69E0E76-33E9-4B16-977D-76DC6B617C49}"
EndProject
Project("{FAE04EC0-301F-11D3-BF4B-00C04F79EFBC}") = "SuperGlue.Web.Assets", "SuperGlue.Web.Assets\SuperGlue.Web.Assets.csproj", "{4B2412A7-2105-44DC-A47E-896110FFF87E}"
EndProject
Project("{FAE04EC0-301F-11D3-BF4B-00C04F79EFBC}") = "SuperGlue.FeatureToggler", "SuperGlue.FeatureToggler\SuperGlue.FeatureToggler.csproj", "{FC6063A7-9AE8-4916-9C87-DBD0F926F34E}"
EndProject
Project("{FAE04EC0-301F-11D3-BF4B-00C04F79EFBC}") = "SuperGlue.Web.FileUpload", "SuperGlue.Web.FileUpload\SuperGlue.Web.FileUpload.csproj", "{4C6A4C58-891B-41FD-B40B-3950B935EA71}"
EndProject
Project("{FAE04EC0-301F-11D3-BF4B-00C04F79EFBC}") = "SuperGlue.EventTracking", "SuperGlue.EventTracking\SuperGlue.EventTracking.csproj", "{DDC9A27C-73AB-48FD-91F0-46BC689BEF6F}"
EndProject
Project("{FAE04EC0-301F-11D3-BF4B-00C04F79EFBC}") = "SuperGlue.ParameterParsing", "SuperGlue.ParameterParsing\SuperGlue.ParameterParsing.csproj", "{05477077-F5C6-49F3-9037-0EA2F5F107A5}"
EndProject
Project("{FAE04EC0-301F-11D3-BF4B-00C04F79EFBC}") = "SuperGlue.EventStore.StreamManagers.RavenDb", "SuperGlue.EventStore.StreamManagers.RavenDb\SuperGlue.EventStore.StreamManagers.RavenDb.csproj", "{477318B1-4852-4D3A-A093-A2367DA6AFDE}"
EndProject
Global
	GlobalSection(SolutionConfigurationPlatforms) = preSolution
		Debug|Any CPU = Debug|Any CPU
		Release|Any CPU = Release|Any CPU
	EndGlobalSection
	GlobalSection(ProjectConfigurationPlatforms) = postSolution
		{398CB3D5-983E-48B7-8F72-07B2DC735909}.Debug|Any CPU.ActiveCfg = Debug|Any CPU
		{398CB3D5-983E-48B7-8F72-07B2DC735909}.Debug|Any CPU.Build.0 = Debug|Any CPU
		{398CB3D5-983E-48B7-8F72-07B2DC735909}.Release|Any CPU.ActiveCfg = Release|Any CPU
		{398CB3D5-983E-48B7-8F72-07B2DC735909}.Release|Any CPU.Build.0 = Release|Any CPU
		{AE9FE8FD-159D-4D94-A104-521EAA55EF54}.Debug|Any CPU.ActiveCfg = Debug|Any CPU
		{AE9FE8FD-159D-4D94-A104-521EAA55EF54}.Debug|Any CPU.Build.0 = Debug|Any CPU
		{AE9FE8FD-159D-4D94-A104-521EAA55EF54}.Release|Any CPU.ActiveCfg = Release|Any CPU
		{AE9FE8FD-159D-4D94-A104-521EAA55EF54}.Release|Any CPU.Build.0 = Release|Any CPU
		{B5DCE00F-7C1D-4C18-A552-9B5C8C94C202}.Debug|Any CPU.ActiveCfg = Debug|Any CPU
		{B5DCE00F-7C1D-4C18-A552-9B5C8C94C202}.Debug|Any CPU.Build.0 = Debug|Any CPU
		{B5DCE00F-7C1D-4C18-A552-9B5C8C94C202}.Release|Any CPU.ActiveCfg = Release|Any CPU
		{B5DCE00F-7C1D-4C18-A552-9B5C8C94C202}.Release|Any CPU.Build.0 = Release|Any CPU
		{68AB3839-D86E-42C3-A565-FEB39106C981}.Debug|Any CPU.ActiveCfg = Debug|Any CPU
		{68AB3839-D86E-42C3-A565-FEB39106C981}.Debug|Any CPU.Build.0 = Debug|Any CPU
		{68AB3839-D86E-42C3-A565-FEB39106C981}.Release|Any CPU.ActiveCfg = Release|Any CPU
		{68AB3839-D86E-42C3-A565-FEB39106C981}.Release|Any CPU.Build.0 = Release|Any CPU
		{B2244942-CFD4-4CD1-A43A-33D24041E17D}.Debug|Any CPU.ActiveCfg = Debug|Any CPU
		{B2244942-CFD4-4CD1-A43A-33D24041E17D}.Debug|Any CPU.Build.0 = Debug|Any CPU
		{B2244942-CFD4-4CD1-A43A-33D24041E17D}.Release|Any CPU.ActiveCfg = Release|Any CPU
		{B2244942-CFD4-4CD1-A43A-33D24041E17D}.Release|Any CPU.Build.0 = Release|Any CPU
		{03129102-F787-4F77-81CD-E78682EDF293}.Debug|Any CPU.ActiveCfg = Debug|Any CPU
		{03129102-F787-4F77-81CD-E78682EDF293}.Debug|Any CPU.Build.0 = Debug|Any CPU
		{03129102-F787-4F77-81CD-E78682EDF293}.Release|Any CPU.ActiveCfg = Release|Any CPU
		{03129102-F787-4F77-81CD-E78682EDF293}.Release|Any CPU.Build.0 = Release|Any CPU
		{12F8F1F4-2249-4C0B-991D-60F629CB82F1}.Debug|Any CPU.ActiveCfg = Debug|Any CPU
		{12F8F1F4-2249-4C0B-991D-60F629CB82F1}.Debug|Any CPU.Build.0 = Debug|Any CPU
		{12F8F1F4-2249-4C0B-991D-60F629CB82F1}.Release|Any CPU.ActiveCfg = Release|Any CPU
		{12F8F1F4-2249-4C0B-991D-60F629CB82F1}.Release|Any CPU.Build.0 = Release|Any CPU
		{692410ED-060A-4049-91BC-A08BE4C0B57B}.Debug|Any CPU.ActiveCfg = Debug|Any CPU
		{692410ED-060A-4049-91BC-A08BE4C0B57B}.Debug|Any CPU.Build.0 = Debug|Any CPU
		{692410ED-060A-4049-91BC-A08BE4C0B57B}.Release|Any CPU.ActiveCfg = Release|Any CPU
		{692410ED-060A-4049-91BC-A08BE4C0B57B}.Release|Any CPU.Build.0 = Release|Any CPU
		{CF7CA649-D8D8-41E1-8ADC-19B95D4EA94D}.Debug|Any CPU.ActiveCfg = Debug|Any CPU
		{CF7CA649-D8D8-41E1-8ADC-19B95D4EA94D}.Debug|Any CPU.Build.0 = Debug|Any CPU
		{CF7CA649-D8D8-41E1-8ADC-19B95D4EA94D}.Release|Any CPU.ActiveCfg = Release|Any CPU
		{CF7CA649-D8D8-41E1-8ADC-19B95D4EA94D}.Release|Any CPU.Build.0 = Release|Any CPU
		{F466C803-E04E-493D-91D6-25001DC5A281}.Debug|Any CPU.ActiveCfg = Debug|Any CPU
		{F466C803-E04E-493D-91D6-25001DC5A281}.Debug|Any CPU.Build.0 = Debug|Any CPU
		{F466C803-E04E-493D-91D6-25001DC5A281}.Release|Any CPU.ActiveCfg = Release|Any CPU
		{F466C803-E04E-493D-91D6-25001DC5A281}.Release|Any CPU.Build.0 = Release|Any CPU
		{2007379C-521C-45AC-8CAB-325086CC6B54}.Debug|Any CPU.ActiveCfg = Debug|Any CPU
		{2007379C-521C-45AC-8CAB-325086CC6B54}.Debug|Any CPU.Build.0 = Debug|Any CPU
		{2007379C-521C-45AC-8CAB-325086CC6B54}.Release|Any CPU.ActiveCfg = Release|Any CPU
		{2007379C-521C-45AC-8CAB-325086CC6B54}.Release|Any CPU.Build.0 = Release|Any CPU
		{00D674CE-2CAE-4E4F-A537-8D18A8E0FE59}.Debug|Any CPU.ActiveCfg = Debug|Any CPU
		{00D674CE-2CAE-4E4F-A537-8D18A8E0FE59}.Debug|Any CPU.Build.0 = Debug|Any CPU
		{00D674CE-2CAE-4E4F-A537-8D18A8E0FE59}.Release|Any CPU.ActiveCfg = Release|Any CPU
		{00D674CE-2CAE-4E4F-A537-8D18A8E0FE59}.Release|Any CPU.Build.0 = Release|Any CPU
		{B6653538-428D-4467-B8DD-64A52D945648}.Debug|Any CPU.ActiveCfg = Debug|Any CPU
		{B6653538-428D-4467-B8DD-64A52D945648}.Debug|Any CPU.Build.0 = Debug|Any CPU
		{B6653538-428D-4467-B8DD-64A52D945648}.Release|Any CPU.ActiveCfg = Release|Any CPU
		{B6653538-428D-4467-B8DD-64A52D945648}.Release|Any CPU.Build.0 = Release|Any CPU
		{A240378A-F813-47E3-8A69-5F3D8A7E9E85}.Debug|Any CPU.ActiveCfg = Debug|Any CPU
		{A240378A-F813-47E3-8A69-5F3D8A7E9E85}.Debug|Any CPU.Build.0 = Debug|Any CPU
		{A240378A-F813-47E3-8A69-5F3D8A7E9E85}.Release|Any CPU.ActiveCfg = Release|Any CPU
		{A240378A-F813-47E3-8A69-5F3D8A7E9E85}.Release|Any CPU.Build.0 = Release|Any CPU
		{186551E5-9BEF-428A-AEF0-1FEC9C73A39A}.Debug|Any CPU.ActiveCfg = Debug|Any CPU
		{186551E5-9BEF-428A-AEF0-1FEC9C73A39A}.Debug|Any CPU.Build.0 = Debug|Any CPU
		{186551E5-9BEF-428A-AEF0-1FEC9C73A39A}.Release|Any CPU.ActiveCfg = Release|Any CPU
		{186551E5-9BEF-428A-AEF0-1FEC9C73A39A}.Release|Any CPU.Build.0 = Release|Any CPU
		{EB3EBEA6-D5C3-4295-B2D4-5C0A868E7A9F}.Debug|Any CPU.ActiveCfg = Debug|Any CPU
		{EB3EBEA6-D5C3-4295-B2D4-5C0A868E7A9F}.Debug|Any CPU.Build.0 = Debug|Any CPU
		{EB3EBEA6-D5C3-4295-B2D4-5C0A868E7A9F}.Release|Any CPU.ActiveCfg = Release|Any CPU
		{EB3EBEA6-D5C3-4295-B2D4-5C0A868E7A9F}.Release|Any CPU.Build.0 = Release|Any CPU
		{A9E022F8-1AA3-4AFC-8EC2-1D4A8D2E9F7A}.Debug|Any CPU.ActiveCfg = Debug|Any CPU
		{A9E022F8-1AA3-4AFC-8EC2-1D4A8D2E9F7A}.Debug|Any CPU.Build.0 = Debug|Any CPU
		{A9E022F8-1AA3-4AFC-8EC2-1D4A8D2E9F7A}.Release|Any CPU.ActiveCfg = Release|Any CPU
		{A9E022F8-1AA3-4AFC-8EC2-1D4A8D2E9F7A}.Release|Any CPU.Build.0 = Release|Any CPU
		{023F8229-9F0F-47F3-9B25-ECD4DBC52090}.Debug|Any CPU.ActiveCfg = Debug|Any CPU
		{023F8229-9F0F-47F3-9B25-ECD4DBC52090}.Debug|Any CPU.Build.0 = Debug|Any CPU
		{023F8229-9F0F-47F3-9B25-ECD4DBC52090}.Release|Any CPU.ActiveCfg = Release|Any CPU
		{023F8229-9F0F-47F3-9B25-ECD4DBC52090}.Release|Any CPU.Build.0 = Release|Any CPU
		{4A84F4AE-E73D-4D72-8B67-F0C7D546DE9E}.Debug|Any CPU.ActiveCfg = Debug|Any CPU
		{4A84F4AE-E73D-4D72-8B67-F0C7D546DE9E}.Debug|Any CPU.Build.0 = Debug|Any CPU
		{4A84F4AE-E73D-4D72-8B67-F0C7D546DE9E}.Release|Any CPU.ActiveCfg = Release|Any CPU
		{4A84F4AE-E73D-4D72-8B67-F0C7D546DE9E}.Release|Any CPU.Build.0 = Release|Any CPU
		{D1EE2D50-4338-4024-BC5D-9FCF24C2AA90}.Debug|Any CPU.ActiveCfg = Debug|Any CPU
		{D1EE2D50-4338-4024-BC5D-9FCF24C2AA90}.Debug|Any CPU.Build.0 = Debug|Any CPU
		{D1EE2D50-4338-4024-BC5D-9FCF24C2AA90}.Release|Any CPU.ActiveCfg = Release|Any CPU
		{D1EE2D50-4338-4024-BC5D-9FCF24C2AA90}.Release|Any CPU.Build.0 = Release|Any CPU
		{489EC87D-682A-4FD3-886D-6746F449B46E}.Debug|Any CPU.ActiveCfg = Debug|Any CPU
		{489EC87D-682A-4FD3-886D-6746F449B46E}.Debug|Any CPU.Build.0 = Debug|Any CPU
		{489EC87D-682A-4FD3-886D-6746F449B46E}.Release|Any CPU.ActiveCfg = Release|Any CPU
		{489EC87D-682A-4FD3-886D-6746F449B46E}.Release|Any CPU.Build.0 = Release|Any CPU
		{D8A867D8-46EC-4334-936B-F09B8E930511}.Debug|Any CPU.ActiveCfg = Debug|Any CPU
		{D8A867D8-46EC-4334-936B-F09B8E930511}.Debug|Any CPU.Build.0 = Debug|Any CPU
		{D8A867D8-46EC-4334-936B-F09B8E930511}.Release|Any CPU.ActiveCfg = Release|Any CPU
		{D8A867D8-46EC-4334-936B-F09B8E930511}.Release|Any CPU.Build.0 = Release|Any CPU
		{FBF69D60-F8A1-40BE-90FF-FE82D33AEC7A}.Debug|Any CPU.ActiveCfg = Debug|Any CPU
		{FBF69D60-F8A1-40BE-90FF-FE82D33AEC7A}.Debug|Any CPU.Build.0 = Debug|Any CPU
		{FBF69D60-F8A1-40BE-90FF-FE82D33AEC7A}.Release|Any CPU.ActiveCfg = Release|Any CPU
		{FBF69D60-F8A1-40BE-90FF-FE82D33AEC7A}.Release|Any CPU.Build.0 = Release|Any CPU
		{1DF1CFDF-4E47-46BD-8B71-9438831002DF}.Debug|Any CPU.ActiveCfg = Debug|Any CPU
		{1DF1CFDF-4E47-46BD-8B71-9438831002DF}.Debug|Any CPU.Build.0 = Debug|Any CPU
		{1DF1CFDF-4E47-46BD-8B71-9438831002DF}.Release|Any CPU.ActiveCfg = Release|Any CPU
		{1DF1CFDF-4E47-46BD-8B71-9438831002DF}.Release|Any CPU.Build.0 = Release|Any CPU
		{271A8D2C-4681-4589-9C0E-3E65CDB652A1}.Debug|Any CPU.ActiveCfg = Debug|Any CPU
		{271A8D2C-4681-4589-9C0E-3E65CDB652A1}.Debug|Any CPU.Build.0 = Debug|Any CPU
		{271A8D2C-4681-4589-9C0E-3E65CDB652A1}.Release|Any CPU.ActiveCfg = Release|Any CPU
		{271A8D2C-4681-4589-9C0E-3E65CDB652A1}.Release|Any CPU.Build.0 = Release|Any CPU
		{4BD82DF3-3B6B-4E1E-B5AD-1340D20CEA11}.Debug|Any CPU.ActiveCfg = Debug|Any CPU
		{4BD82DF3-3B6B-4E1E-B5AD-1340D20CEA11}.Debug|Any CPU.Build.0 = Debug|Any CPU
		{4BD82DF3-3B6B-4E1E-B5AD-1340D20CEA11}.Release|Any CPU.ActiveCfg = Release|Any CPU
		{4BD82DF3-3B6B-4E1E-B5AD-1340D20CEA11}.Release|Any CPU.Build.0 = Release|Any CPU
		{F74CE87F-01DC-40E9-BBED-2FF91FF4ED91}.Debug|Any CPU.ActiveCfg = Debug|Any CPU
		{F74CE87F-01DC-40E9-BBED-2FF91FF4ED91}.Debug|Any CPU.Build.0 = Debug|Any CPU
		{F74CE87F-01DC-40E9-BBED-2FF91FF4ED91}.Release|Any CPU.ActiveCfg = Release|Any CPU
		{F74CE87F-01DC-40E9-BBED-2FF91FF4ED91}.Release|Any CPU.Build.0 = Release|Any CPU
		{B6B5736B-F0C1-428E-B215-65533B16D2CA}.Debug|Any CPU.ActiveCfg = Debug|Any CPU
		{B6B5736B-F0C1-428E-B215-65533B16D2CA}.Debug|Any CPU.Build.0 = Debug|Any CPU
		{B6B5736B-F0C1-428E-B215-65533B16D2CA}.Release|Any CPU.ActiveCfg = Release|Any CPU
		{B6B5736B-F0C1-428E-B215-65533B16D2CA}.Release|Any CPU.Build.0 = Release|Any CPU
		{03FE4F2A-FB85-4E97-A826-6C7AC0DA4378}.Debug|Any CPU.ActiveCfg = Debug|Any CPU
		{03FE4F2A-FB85-4E97-A826-6C7AC0DA4378}.Debug|Any CPU.Build.0 = Debug|Any CPU
		{03FE4F2A-FB85-4E97-A826-6C7AC0DA4378}.Release|Any CPU.ActiveCfg = Release|Any CPU
		{03FE4F2A-FB85-4E97-A826-6C7AC0DA4378}.Release|Any CPU.Build.0 = Release|Any CPU
		{A6EE6294-1E05-4781-9CBF-9FAB1B5FD4DA}.Debug|Any CPU.ActiveCfg = Debug|Any CPU
		{A6EE6294-1E05-4781-9CBF-9FAB1B5FD4DA}.Debug|Any CPU.Build.0 = Debug|Any CPU
		{A6EE6294-1E05-4781-9CBF-9FAB1B5FD4DA}.Release|Any CPU.ActiveCfg = Release|Any CPU
		{A6EE6294-1E05-4781-9CBF-9FAB1B5FD4DA}.Release|Any CPU.Build.0 = Release|Any CPU
		{B69E0E76-33E9-4B16-977D-76DC6B617C49}.Debug|Any CPU.ActiveCfg = Debug|Any CPU
		{B69E0E76-33E9-4B16-977D-76DC6B617C49}.Debug|Any CPU.Build.0 = Debug|Any CPU
		{B69E0E76-33E9-4B16-977D-76DC6B617C49}.Release|Any CPU.ActiveCfg = Release|Any CPU
		{B69E0E76-33E9-4B16-977D-76DC6B617C49}.Release|Any CPU.Build.0 = Release|Any CPU
		{4B2412A7-2105-44DC-A47E-896110FFF87E}.Debug|Any CPU.ActiveCfg = Debug|Any CPU
		{4B2412A7-2105-44DC-A47E-896110FFF87E}.Debug|Any CPU.Build.0 = Debug|Any CPU
		{4B2412A7-2105-44DC-A47E-896110FFF87E}.Release|Any CPU.ActiveCfg = Release|Any CPU
		{4B2412A7-2105-44DC-A47E-896110FFF87E}.Release|Any CPU.Build.0 = Release|Any CPU
		{FC6063A7-9AE8-4916-9C87-DBD0F926F34E}.Debug|Any CPU.ActiveCfg = Debug|Any CPU
		{FC6063A7-9AE8-4916-9C87-DBD0F926F34E}.Debug|Any CPU.Build.0 = Debug|Any CPU
		{FC6063A7-9AE8-4916-9C87-DBD0F926F34E}.Release|Any CPU.ActiveCfg = Release|Any CPU
		{FC6063A7-9AE8-4916-9C87-DBD0F926F34E}.Release|Any CPU.Build.0 = Release|Any CPU
		{4C6A4C58-891B-41FD-B40B-3950B935EA71}.Debug|Any CPU.ActiveCfg = Debug|Any CPU
		{4C6A4C58-891B-41FD-B40B-3950B935EA71}.Debug|Any CPU.Build.0 = Debug|Any CPU
		{4C6A4C58-891B-41FD-B40B-3950B935EA71}.Release|Any CPU.ActiveCfg = Release|Any CPU
		{4C6A4C58-891B-41FD-B40B-3950B935EA71}.Release|Any CPU.Build.0 = Release|Any CPU
		{DDC9A27C-73AB-48FD-91F0-46BC689BEF6F}.Debug|Any CPU.ActiveCfg = Debug|Any CPU
		{DDC9A27C-73AB-48FD-91F0-46BC689BEF6F}.Debug|Any CPU.Build.0 = Debug|Any CPU
		{DDC9A27C-73AB-48FD-91F0-46BC689BEF6F}.Release|Any CPU.ActiveCfg = Release|Any CPU
		{DDC9A27C-73AB-48FD-91F0-46BC689BEF6F}.Release|Any CPU.Build.0 = Release|Any CPU
		{05477077-F5C6-49F3-9037-0EA2F5F107A5}.Debug|Any CPU.ActiveCfg = Debug|Any CPU
		{05477077-F5C6-49F3-9037-0EA2F5F107A5}.Debug|Any CPU.Build.0 = Debug|Any CPU
		{05477077-F5C6-49F3-9037-0EA2F5F107A5}.Release|Any CPU.ActiveCfg = Release|Any CPU
		{05477077-F5C6-49F3-9037-0EA2F5F107A5}.Release|Any CPU.Build.0 = Release|Any CPU
		{477318B1-4852-4D3A-A093-A2367DA6AFDE}.Debug|Any CPU.ActiveCfg = Debug|Any CPU
		{477318B1-4852-4D3A-A093-A2367DA6AFDE}.Debug|Any CPU.Build.0 = Debug|Any CPU
		{477318B1-4852-4D3A-A093-A2367DA6AFDE}.Release|Any CPU.ActiveCfg = Release|Any CPU
		{477318B1-4852-4D3A-A093-A2367DA6AFDE}.Release|Any CPU.Build.0 = Release|Any CPU
	EndGlobalSection
	GlobalSection(SolutionProperties) = preSolution
		HideSolutionNode = FALSE
	EndGlobalSection
	GlobalSection(NestedProjects) = preSolution
		{398CB3D5-983E-48B7-8F72-07B2DC735909} = {3A802CD0-D29F-4C2F-9525-F8A9E3175C4B}
		{B5DCE00F-7C1D-4C18-A552-9B5C8C94C202} = {3A802CD0-D29F-4C2F-9525-F8A9E3175C4B}
		{68AB3839-D86E-42C3-A565-FEB39106C981} = {55D175F1-5292-4565-B081-FDC627C189E6}
		{B2244942-CFD4-4CD1-A43A-33D24041E17D} = {3A802CD0-D29F-4C2F-9525-F8A9E3175C4B}
		{03129102-F787-4F77-81CD-E78682EDF293} = {3A802CD0-D29F-4C2F-9525-F8A9E3175C4B}
		{12F8F1F4-2249-4C0B-991D-60F629CB82F1} = {3A802CD0-D29F-4C2F-9525-F8A9E3175C4B}
		{F466C803-E04E-493D-91D6-25001DC5A281} = {3A802CD0-D29F-4C2F-9525-F8A9E3175C4B}
		{2007379C-521C-45AC-8CAB-325086CC6B54} = {55D175F1-5292-4565-B081-FDC627C189E6}
		{00D674CE-2CAE-4E4F-A537-8D18A8E0FE59} = {55D175F1-5292-4565-B081-FDC627C189E6}
		{A240378A-F813-47E3-8A69-5F3D8A7E9E85} = {3A802CD0-D29F-4C2F-9525-F8A9E3175C4B}
		{186551E5-9BEF-428A-AEF0-1FEC9C73A39A} = {3A802CD0-D29F-4C2F-9525-F8A9E3175C4B}
		{EB3EBEA6-D5C3-4295-B2D4-5C0A868E7A9F} = {3A802CD0-D29F-4C2F-9525-F8A9E3175C4B}
		{D8A867D8-46EC-4334-936B-F09B8E930511} = {AA4EDE08-2CF6-4C63-ADBD-C075282D60D3}
		{FBF69D60-F8A1-40BE-90FF-FE82D33AEC7A} = {AA4EDE08-2CF6-4C63-ADBD-C075282D60D3}
		{1DF1CFDF-4E47-46BD-8B71-9438831002DF} = {AA4EDE08-2CF6-4C63-ADBD-C075282D60D3}
		{B6B5736B-F0C1-428E-B215-65533B16D2CA} = {3A802CD0-D29F-4C2F-9525-F8A9E3175C4B}
		{03FE4F2A-FB85-4E97-A826-6C7AC0DA4378} = {3A802CD0-D29F-4C2F-9525-F8A9E3175C4B}
		{4B2412A7-2105-44DC-A47E-896110FFF87E} = {3A802CD0-D29F-4C2F-9525-F8A9E3175C4B}
		{4C6A4C58-891B-41FD-B40B-3950B935EA71} = {3A802CD0-D29F-4C2F-9525-F8A9E3175C4B}
	EndGlobalSection
EndGlobal
